{
  "name": "game",
  "version": "1.0.0",
  "lockfileVersion": 3,
  "requires": true,
  "packages": {
    "": {
      "name": "game",
      "version": "1.0.0",
      "license": "ISC",
      "dependencies": {
        "bun": "1.x",
        "bun-types": "^1.0.6"
      },
      "engines": {
        "node": "16.x"
      }
    },
    "node_modules/@oven/bun-darwin-aarch64": {
      "version": "1.0.6",
      "resolved": "https://registry.npmjs.org/@oven/bun-darwin-aarch64/-/bun-darwin-aarch64-1.0.6.tgz",
      "integrity": "sha512-92mGvuWeU+Q/X1sxaq5/LWQpzVS6gZJxtWPksyLx1xCbRvxqvuEMLPO5mdNvdIpPPoSK8Y8ynLucpACXRkIQsA==",
      "cpu": [
        "arm64"
      ],
      "optional": true,
      "os": [
        "darwin"
      ]
    },
    "node_modules/@oven/bun-darwin-x64": {
      "version": "1.0.6",
      "resolved": "https://registry.npmjs.org/@oven/bun-darwin-x64/-/bun-darwin-x64-1.0.6.tgz",
      "integrity": "sha512-Jgwi45c4JAJxtrzTOnpsF90OD4mLAcocc2VyleDQ7rsKeASw4IX88hoWZTq2DcWvMjaXVV1WroJh4PUUbC+OIg==",
      "cpu": [
        "x64"
      ],
      "optional": true,
      "os": [
        "darwin"
      ]
    },
    "node_modules/@oven/bun-darwin-x64-baseline": {
      "version": "1.0.6",
      "resolved": "https://registry.npmjs.org/@oven/bun-darwin-x64-baseline/-/bun-darwin-x64-baseline-1.0.6.tgz",
      "integrity": "sha512-2OWsZu+QI2oyyQv4klsGEqUGeO8EoGgEubr3igZ8BAtoD27DYB65QaEE4g6DdknXN+stCEH91DmjNB1So5RRQw==",
      "cpu": [
        "x64"
      ],
      "optional": true,
      "os": [
        "darwin"
      ]
    },
    "node_modules/@oven/bun-linux-aarch64": {
      "version": "1.0.6",
      "resolved": "https://registry.npmjs.org/@oven/bun-linux-aarch64/-/bun-linux-aarch64-1.0.6.tgz",
      "integrity": "sha512-2xv8DIgT1Fg+ZdcxYwglIeOFI0IPjS59EU7BZeA9JxihKJ+EqueCUzw9yLKD9naITIASEdV6yMfmWknZE7+7IQ==",
      "cpu": [
        "arm64"
      ],
      "optional": true,
      "os": [
        "linux"
      ]
    },
    "node_modules/@oven/bun-linux-x64": {
      "version": "1.0.6",
      "resolved": "https://registry.npmjs.org/@oven/bun-linux-x64/-/bun-linux-x64-1.0.6.tgz",
      "integrity": "sha512-Q3nND42jdt4JjGnkFetMhdSjuMg32V0w0W34w+k/he/dr4iv/ImsKwfx4QwNBKTy5zTJ/CYwe221TH4F/jps3Q==",
      "cpu": [
        "x64"
      ],
      "optional": true,
      "os": [
        "linux"
      ]
    },
    "node_modules/@oven/bun-linux-x64-baseline": {
      "version": "1.0.6",
      "resolved": "https://registry.npmjs.org/@oven/bun-linux-x64-baseline/-/bun-linux-x64-baseline-1.0.6.tgz",
      "integrity": "sha512-aFX0IzmZ7cLz2JtT/Cd3oowH+CnIUGA4jxN2MMTW0BwYo/Lwafh2UyR/Ajh7DmYAZaIU0S5vC4btv3icoPv2Xw==",
      "cpu": [
        "x64"
      ],
      "optional": true,
      "os": [
        "linux"
      ]
    },
    "node_modules/bun": {
      "version": "1.0.6",
      "resolved": "https://registry.npmjs.org/bun/-/bun-1.0.6.tgz",
      "integrity": "sha512-UIp2gEVOXIPUaVz23HnhXtKsuVflU7a0PE3vs2bCR7oDR0EPyzpHeFCAXX8Uw2/Xg5nUZKByVbSfk6MSmBuqnw==",
      "cpu": [
        "arm64",
        "x64"
      ],
      "hasInstallScript": true,
      "os": [
        "darwin",
        "linux"
      ],
      "bin": {
        "bun": "bin/bun",
        "bunx": "bin/bun"
      },
      "optionalDependencies": {
        "@oven/bun-darwin-aarch64": "1.0.6",
        "@oven/bun-darwin-x64": "1.0.6",
        "@oven/bun-darwin-x64-baseline": "1.0.6",
        "@oven/bun-linux-aarch64": "1.0.6",
        "@oven/bun-linux-x64": "1.0.6",
        "@oven/bun-linux-x64-baseline": "1.0.6"
      }
    },
    "node_modules/bun-types": {
      "version": "1.0.6",
      "resolved": "https://registry.npmjs.org/bun-types/-/bun-types-1.0.6.tgz",
      "integrity": "sha512-5QwynfXiRCRxPW3ZnC0Dv+sHHmctP4SHIuzsRKOWYO0HF/qUpsxQVexoviaxpmwDsF1hoVDDFdc4xUuafOzx1g=="
    }
  }
}
